
Microsoft Visual Studio Solution File, Format Version 12.00
# Visual Studio 2012
Project("{8BC9CEB8-8B4A-11D0-8D11-00A0C91BC942}") = "getopt", "getopt\getopt.vcxproj", "{FB10A353-C026-45E9-BC20-1FC81B036C03}"
EndProject
Project("{8BC9CEB8-8B4A-11D0-8D11-00A0C91BC942}") = "actiwin", "actiwin\actiwin.vcxproj", "{27994DF7-29A5-4D45-96C8-7ABAC2D33192}"
EndProject
Project("{8BC9CEB8-8B4A-11D0-8D11-00A0C91BC942}") = "logger", "logger\logger.vcxproj", "{6F36EF7E-9C43-4E82-8F82-5D113ABD8B3F}"
EndProject
Project("{8BC9CEB8-8B4A-11D0-8D11-00A0C91BC942}") = "actilog", "actilog\actilog.vcxproj", "{137D9B60-DF65-4C73-9C09-1614DA5AF6D9}"
EndProject
Global
	GlobalSection(SolutionConfigurationPlatforms) = preSolution
		Debug|Win32 = Debug|Win32
		Release|Win32 = Release|Win32
	EndGlobalSection
	GlobalSection(ProjectConfigurationPlatforms) = postSolution
		{FB10A353-C026-45E9-BC20-1FC81B036C03}.Debug|Win32.ActiveCfg = Debug|Win32
		{FB10A353-C026-45E9-BC20-1FC81B036C03}.Debug|Win32.Build.0 = Debug|Win32
		{FB10A353-C026-45E9-BC20-1FC81B036C03}.Release|Win32.ActiveCfg = Release|Win32
		{FB10A353-C026-45E9-BC20-1FC81B036C03}.Release|Win32.Build.0 = Release|Win32
		{27994DF7-29A5-4D45-96C8-7ABAC2D33192}.Debug|Win32.ActiveCfg = Debug|Win32
		{27994DF7-29A5-4D45-96C8-7ABAC2D33192}.Debug|Win32.Build.0 = Debug|Win32
		{27994DF7-29A5-4D45-96C8-7ABAC2D33192}.Release|Win32.ActiveCfg = Release|Win32
		{27994DF7-29A5-4D45-96C8-7ABAC2D33192}.Release|Win32.Build.0 = Release|Win32
		{6F36EF7E-9C43-4E82-8F82-5D113ABD8B3F}.Debug|Win32.ActiveCfg = Debug|Win32
		{6F36EF7E-9C43-4E82-8F82-5D113ABD8B3F}.Debug|Win32.Build.0 = Debug|Win32
		{6F36EF7E-9C43-4E82-8F82-5D113ABD8B3F}.Release|Win32.ActiveCfg = Release|Win32
		{6F36EF7E-9C43-4E82-8F82-5D113ABD8B3F}.Release|Win32.Build.0 = Release|Win32
		{137D9B60-DF65-4C73-9C09-1614DA5AF6D9}.Debug|Win32.ActiveCfg = Debug|Win32
		{137D9B60-DF65-4C73-9C09-1614DA5AF6D9}.Debug|Win32.Build.0 = Debug|Win32
		{137D9B60-DF65-4C73-9C09-1614DA5AF6D9}.Release|Win32.ActiveCfg = Release|Win32
		{137D9B60-DF65-4C73-9C09-1614DA5AF6D9}.Release|Win32.Build.0 = Release|Win32
	EndGlobalSection
	GlobalSection(SolutionProperties) = preSolution
		HideSolutionNode = FALSE
	EndGlobalSection
EndGlobal
